
Microsoft Visual Studio Solution File, Format Version 12.00
# Visual Studio 15
VisualStudioVersion = 15.0.28307.168
MinimumVisualStudioVersion = 10.0.40219.1
Project("{FAE04EC0-301F-11D3-BF4B-00C04F79EFBC}") = "Lesson1_PracticalPart", "C_Sharp_Level_1\Lesson1_PracticalPart.csproj", "{CFD204BD-169F-4436-A784-DEFE4872F1A9}"
EndProject
Project("{FAE04EC0-301F-11D3-BF4B-00C04F79EFBC}") = "Lesson1_HomeWork", "Lesson1_HomeWork\Lesson1_HomeWork.csproj", "{D909333D-642F-4BAD-A8DC-7EAF4D0C8EEA}"
EndProject
Project("{FAE04EC0-301F-11D3-BF4B-00C04F79EFBC}") = "Lesson2_PracticalPart", "Lesson2_PracticalPart\Lesson2_PracticalPart.csproj", "{F01493A0-4253-46CC-94A5-79E856B802F7}"
EndProject
Project("{FAE04EC0-301F-11D3-BF4B-00C04F79EFBC}") = "Lesson2_HomeWork", "Lesson2_HomeWork\Lesson2_HomeWork.csproj", "{B0C6AEA7-B3B0-4F2A-B5A8-E387293CDAE3}"
EndProject
Project("{FAE04EC0-301F-11D3-BF4B-00C04F79EFBC}") = "Lesson3_PracticalPart", "Lesson3_PracticalPart\Lesson3_PracticalPart.csproj", "{8891ACAF-576E-433B-B723-C8E96E18AE82}"
EndProject
Project("{FAE04EC0-301F-11D3-BF4B-00C04F79EFBC}") = "Lesson3_HomeWork", "Lesson3_HomeWork\Lesson3_HomeWork.csproj", "{2B6EADA9-57FD-4B51-81FA-C556EF74CEA6}"
EndProject
Project("{FAE04EC0-301F-11D3-BF4B-00C04F79EFBC}") = "Lesson4_PracticalPart", "Lesson4_PracticalPart\Lesson4_PracticalPart.csproj", "{3C6FA487-821E-49F0-BF38-B67D96D1A416}"
EndProject
Project("{FAE04EC0-301F-11D3-BF4B-00C04F79EFBC}") = "Lesson4_HomeWork", "Lesson4_HomeWork\Lesson4_HomeWork.csproj", "{E0DC4517-4BED-45F0-B98B-470F85F54ECA}"
EndProject
Project("{9A19103F-16F7-4668-BE54-9A1E7A4F7556}") = "MyLibraryForArray", "MyLibraryForArray\MyLibraryForArray.csproj", "{85D27AE4-99E2-4C51-82C8-B47D011A0640}"
EndProject
Project("{9A19103F-16F7-4668-BE54-9A1E7A4F7556}") = "MyLibraryForArray2D", "MyLibraryForArray2D\MyLibraryForArray2D.csproj", "{9C42BC77-9546-457E-9300-685C6EBA1237}"
EndProject
Project("{FAE04EC0-301F-11D3-BF4B-00C04F79EFBC}") = "Lesson5_PracticalPart", "Lesson5_PracticalPart\Lesson5_PracticalPart.csproj", "{4252F777-60DB-43BC-AE22-8E402197B638}"
EndProject
Project("{FAE04EC0-301F-11D3-BF4B-00C04F79EFBC}") = "Lesson5_HomeWork", "Lesson5_HomeWork\Lesson5_HomeWork.csproj", "{CDD3DAEB-339B-4EDF-A612-34C00470EA20}"
EndProject
Project("{FAE04EC0-301F-11D3-BF4B-00C04F79EFBC}") = "Lesson6_PracticalPart", "Lesson6_PracticalPart\Lesson6_PracticalPart.csproj", "{C4AC6A32-493D-414F-965A-4BA397232405}"
EndProject
Project("{FAE04EC0-301F-11D3-BF4B-00C04F79EFBC}") = "Lesson6_HomeWork", "Lesson6_HomeWork\Lesson6_HomeWork.csproj", "{CD717FC0-1514-46E6-8396-B526B762D192}"
EndProject
Project("{FAE04EC0-301F-11D3-BF4B-00C04F79EFBC}") = "Lesson7_PracticalPart", "Lesson7_PracticalPart\Lesson7_PracticalPart.csproj", "{B61351EF-0C81-4DB7-975F-5E00684FD756}"
EndProject
Global
	GlobalSection(SolutionConfigurationPlatforms) = preSolution
		Debug|Any CPU = Debug|Any CPU
		Release|Any CPU = Release|Any CPU
	EndGlobalSection
	GlobalSection(ProjectConfigurationPlatforms) = postSolution
		{CFD204BD-169F-4436-A784-DEFE4872F1A9}.Debug|Any CPU.ActiveCfg = Debug|Any CPU
		{CFD204BD-169F-4436-A784-DEFE4872F1A9}.Debug|Any CPU.Build.0 = Debug|Any CPU
		{CFD204BD-169F-4436-A784-DEFE4872F1A9}.Release|Any CPU.ActiveCfg = Release|Any CPU
		{CFD204BD-169F-4436-A784-DEFE4872F1A9}.Release|Any CPU.Build.0 = Release|Any CPU
		{D909333D-642F-4BAD-A8DC-7EAF4D0C8EEA}.Debug|Any CPU.ActiveCfg = Debug|Any CPU
		{D909333D-642F-4BAD-A8DC-7EAF4D0C8EEA}.Debug|Any CPU.Build.0 = Debug|Any CPU
		{D909333D-642F-4BAD-A8DC-7EAF4D0C8EEA}.Release|Any CPU.ActiveCfg = Release|Any CPU
		{D909333D-642F-4BAD-A8DC-7EAF4D0C8EEA}.Release|Any CPU.Build.0 = Release|Any CPU
		{F01493A0-4253-46CC-94A5-79E856B802F7}.Debug|Any CPU.ActiveCfg = Debug|Any CPU
		{F01493A0-4253-46CC-94A5-79E856B802F7}.Debug|Any CPU.Build.0 = Debug|Any CPU
		{F01493A0-4253-46CC-94A5-79E856B802F7}.Release|Any CPU.ActiveCfg = Release|Any CPU
		{F01493A0-4253-46CC-94A5-79E856B802F7}.Release|Any CPU.Build.0 = Release|Any CPU
		{B0C6AEA7-B3B0-4F2A-B5A8-E387293CDAE3}.Debug|Any CPU.ActiveCfg = Debug|Any CPU
		{B0C6AEA7-B3B0-4F2A-B5A8-E387293CDAE3}.Debug|Any CPU.Build.0 = Debug|Any CPU
		{B0C6AEA7-B3B0-4F2A-B5A8-E387293CDAE3}.Release|Any CPU.ActiveCfg = Release|Any CPU
		{B0C6AEA7-B3B0-4F2A-B5A8-E387293CDAE3}.Release|Any CPU.Build.0 = Release|Any CPU
		{8891ACAF-576E-433B-B723-C8E96E18AE82}.Debug|Any CPU.ActiveCfg = Debug|Any CPU
		{8891ACAF-576E-433B-B723-C8E96E18AE82}.Debug|Any CPU.Build.0 = Debug|Any CPU
		{8891ACAF-576E-433B-B723-C8E96E18AE82}.Release|Any CPU.ActiveCfg = Release|Any CPU
		{8891ACAF-576E-433B-B723-C8E96E18AE82}.Release|Any CPU.Build.0 = Release|Any CPU
		{2B6EADA9-57FD-4B51-81FA-C556EF74CEA6}.Debug|Any CPU.ActiveCfg = Debug|Any CPU
		{2B6EADA9-57FD-4B51-81FA-C556EF74CEA6}.Debug|Any CPU.Build.0 = Debug|Any CPU
		{2B6EADA9-57FD-4B51-81FA-C556EF74CEA6}.Release|Any CPU.ActiveCfg = Release|Any CPU
		{2B6EADA9-57FD-4B51-81FA-C556EF74CEA6}.Release|Any CPU.Build.0 = Release|Any CPU
		{3C6FA487-821E-49F0-BF38-B67D96D1A416}.Debug|Any CPU.ActiveCfg = Debug|Any CPU
		{3C6FA487-821E-49F0-BF38-B67D96D1A416}.Debug|Any CPU.Build.0 = Debug|Any CPU
		{3C6FA487-821E-49F0-BF38-B67D96D1A416}.Release|Any CPU.ActiveCfg = Release|Any CPU
		{3C6FA487-821E-49F0-BF38-B67D96D1A416}.Release|Any CPU.Build.0 = Release|Any CPU
		{E0DC4517-4BED-45F0-B98B-470F85F54ECA}.Debug|Any CPU.ActiveCfg = Debug|Any CPU
		{E0DC4517-4BED-45F0-B98B-470F85F54ECA}.Debug|Any CPU.Build.0 = Debug|Any CPU
		{E0DC4517-4BED-45F0-B98B-470F85F54ECA}.Release|Any CPU.ActiveCfg = Release|Any CPU
		{E0DC4517-4BED-45F0-B98B-470F85F54ECA}.Release|Any CPU.Build.0 = Release|Any CPU
		{85D27AE4-99E2-4C51-82C8-B47D011A0640}.Debug|Any CPU.ActiveCfg = Debug|Any CPU
		{85D27AE4-99E2-4C51-82C8-B47D011A0640}.Debug|Any CPU.Build.0 = Debug|Any CPU
		{85D27AE4-99E2-4C51-82C8-B47D011A0640}.Release|Any CPU.ActiveCfg = Release|Any CPU
		{85D27AE4-99E2-4C51-82C8-B47D011A0640}.Release|Any CPU.Build.0 = Release|Any CPU
		{9C42BC77-9546-457E-9300-685C6EBA1237}.Debug|Any CPU.ActiveCfg = Debug|Any CPU
		{9C42BC77-9546-457E-9300-685C6EBA1237}.Debug|Any CPU.Build.0 = Debug|Any CPU
		{9C42BC77-9546-457E-9300-685C6EBA1237}.Release|Any CPU.ActiveCfg = Release|Any CPU
		{9C42BC77-9546-457E-9300-685C6EBA1237}.Release|Any CPU.Build.0 = Release|Any CPU
		{4252F777-60DB-43BC-AE22-8E402197B638}.Debug|Any CPU.ActiveCfg = Debug|Any CPU
		{4252F777-60DB-43BC-AE22-8E402197B638}.Debug|Any CPU.Build.0 = Debug|Any CPU
		{4252F777-60DB-43BC-AE22-8E402197B638}.Release|Any CPU.ActiveCfg = Release|Any CPU
		{4252F777-60DB-43BC-AE22-8E402197B638}.Release|Any CPU.Build.0 = Release|Any CPU
		{CDD3DAEB-339B-4EDF-A612-34C00470EA20}.Debug|Any CPU.ActiveCfg = Debug|Any CPU
		{CDD3DAEB-339B-4EDF-A612-34C00470EA20}.Debug|Any CPU.Build.0 = Debug|Any CPU
		{CDD3DAEB-339B-4EDF-A612-34C00470EA20}.Release|Any CPU.ActiveCfg = Release|Any CPU
		{CDD3DAEB-339B-4EDF-A612-34C00470EA20}.Release|Any CPU.Build.0 = Release|Any CPU
		{C4AC6A32-493D-414F-965A-4BA397232405}.Debug|Any CPU.ActiveCfg = Debug|Any CPU
		{C4AC6A32-493D-414F-965A-4BA397232405}.Debug|Any CPU.Build.0 = Debug|Any CPU
		{C4AC6A32-493D-414F-965A-4BA397232405}.Release|Any CPU.ActiveCfg = Release|Any CPU
		{C4AC6A32-493D-414F-965A-4BA397232405}.Release|Any CPU.Build.0 = Release|Any CPU
		{CD717FC0-1514-46E6-8396-B526B762D192}.Debug|Any CPU.ActiveCfg = Debug|Any CPU
		{CD717FC0-1514-46E6-8396-B526B762D192}.Debug|Any CPU.Build.0 = Debug|Any CPU
		{CD717FC0-1514-46E6-8396-B526B762D192}.Release|Any CPU.ActiveCfg = Release|Any CPU
		{CD717FC0-1514-46E6-8396-B526B762D192}.Release|Any CPU.Build.0 = Release|Any CPU
		{B61351EF-0C81-4DB7-975F-5E00684FD756}.Debug|Any CPU.ActiveCfg = Debug|Any CPU
		{B61351EF-0C81-4DB7-975F-5E00684FD756}.Debug|Any CPU.Build.0 = Debug|Any CPU
		{B61351EF-0C81-4DB7-975F-5E00684FD756}.Release|Any CPU.ActiveCfg = Release|Any CPU
		{B61351EF-0C81-4DB7-975F-5E00684FD756}.Release|Any CPU.Build.0 = Release|Any CPU
	EndGlobalSection
	GlobalSection(SolutionProperties) = preSolution
		HideSolutionNode = FALSE
	EndGlobalSection
	GlobalSection(ExtensibilityGlobals) = postSolution
		SolutionGuid = {5CA5265F-FA41-4C7C-B559-C5690EA51BF0}
	EndGlobalSection
EndGlobal
